
Microsoft Visual Studio Solution File, Format Version 12.00
Project("{FAE04EC0-301F-11D3-BF4B-00C04F79EFBC}") = "WooCommerce.NET", "WooCommerce.NET\WooCommerce.NET.csproj", "{A2168EA1-29DF-4113-AF54-3934E52BD053}"
EndProject
Project("{FAE04EC0-301F-11D3-BF4B-00C04F79EFBC}") = "WooCommerce.NET.Tests", "WooCommerce.NET.Tests\WooCommerce.NET.Tests.csproj", "{1B436A95-B14D-4A0D-8AFD-0068FC38D3FC}"
EndProject
Global
	GlobalSection(SolutionConfigurationPlatforms) = preSolution
		Debug|Any CPU = Debug|Any CPU
		Release|Any CPU = Release|Any CPU
	EndGlobalSection
	GlobalSection(ProjectConfigurationPlatforms) = postSolution
		{A2168EA1-29DF-4113-AF54-3934E52BD053}.Debug|Any CPU.ActiveCfg = Debug|Any CPU
		{A2168EA1-29DF-4113-AF54-3934E52BD053}.Debug|Any CPU.Build.0 = Debug|Any CPU
		{A2168EA1-29DF-4113-AF54-3934E52BD053}.Release|Any CPU.ActiveCfg = Release|Any CPU
		{A2168EA1-29DF-4113-AF54-3934E52BD053}.Release|Any CPU.Build.0 = Release|Any CPU
		{1B436A95-B14D-4A0D-8AFD-0068FC38D3FC}.Debug|Any CPU.ActiveCfg = Debug|Any CPU
		{1B436A95-B14D-4A0D-8AFD-0068FC38D3FC}.Debug|Any CPU.Build.0 = Debug|Any CPU
		{1B436A95-B14D-4A0D-8AFD-0068FC38D3FC}.Release|Any CPU.ActiveCfg = Release|Any CPU
		{1B436A95-B14D-4A0D-8AFD-0068FC38D3FC}.Release|Any CPU.Build.0 = Release|Any CPU
	EndGlobalSection
EndGlobal
